<Solution>
  <Configurations>
    <Platform Name="x64" />
  </Configurations>
  <Project Path="Callvote.API/Callvote.API.csproj">
    <Platform Project="x64" />
  </Project>
  <Project Path="Callvote.Plugin/Callvote.Plugin.csproj">
    <BuildType Solution="Debug|*" Project="Release" />
    <BuildType Solution="Release|*" Project="EXILED" />
    <Platform Project="x64" />
  </Project>
</Solution>
